<Solution>
  <Folder Name="/src/">
    <Project Path="src/OmniRef.App/OmniRef.App.csproj" />
    <Project Path="src/OmniRef.Core/OmniRef.Core.csproj" />
    <Project Path="src/OmniRef.Infrastructure.Windows/OmniRef.Infrastructure.Windows.csproj" />
  </Folder>
  <Folder Name="/tests/">
    <Project Path="tests/OmniRef.Tests/OmniRef.Tests.csproj" />
  </Folder>
</Solution>
